// !$*UTF8*$!
{
	archiveVersion = 1;
	classes = {
	};
	objectVersion = 46;
	objects = {

/* Begin PBXBuildFile section */
		2BE319651AB0E59E001AA9DF /* compilation.cc in Sources */ = {isa = PBXBuildFile; fileRef = 2BE319581AB0C550001AA9DF /* compilation.cc */; };
/* End PBXBuildFile section */

/* Begin PBXCopyFilesBuildPhase section */
		2BE3195B1AB0C585001AA9DF /* CopyFiles */ = {
			isa = PBXCopyFilesBuildPhase;
			buildActionMask = 2147483647;
			dstPath = /usr/share/man/man1/;
			dstSubfolderSpec = 0;
			files = (
			);
			runOnlyForDeploymentPostprocessing = 1;
		};
/* End PBXCopyFilesBuildPhase section */

/* Begin PBXFileReference section */
		2BE319501AB0C550001AA9DF /* coding.hh */ = {isa = PBXFileReference; lastKnownFileType = sourcecode.cpp.h; path = coding.hh; sourceTree = "<group>"; };
		2BE319511AB0C550001AA9DF /* encoder.hh */ = {isa = PBXFileReference; lastKnownFileType = sourcecode.cpp.h; path = encoder.hh; sourceTree = "<group>"; };
		2BE319531AB0C550001AA9DF /* field.hh */ = {isa = PBXFileReference; lastKnownFileType = sourcecode.cpp.h; path = field.hh; sourceTree = "<group>"; };
		2BE319541AB0C550001AA9DF /* multiply.hh */ = {isa = PBXFileReference; lastKnownFileType = sourcecode.cpp.h; path = multiply.hh; sourceTree = "<group>"; };
		2BE319561AB0C550001AA9DF /* types.hh */ = {isa = PBXFileReference; lastKnownFileType = sourcecode.cpp.h; path = types.hh; sourceTree = "<group>"; };
		2BE319581AB0C550001AA9DF /* compilation.cc */ = {isa = PBXFileReference; lastKnownFileType = sourcecode.cpp.cpp; path = compilation.cc; sourceTree = "<group>"; };
		2BE319671AB1C3E6001AA9DF /* test-compilation */ = {isa = PBXFileReference; explicitFileType = "compiled.mach-o.executable"; includeInIndex = 0; path = "test-compilation"; sourceTree = BUILT_PRODUCTS_DIR; };
		2BE3196D1AB206FC001AA9DF /* symbol.hh */ = {isa = PBXFileReference; lastKnownFileType = sourcecode.cpp.h; path = symbol.hh; sourceTree = "<group>"; };
		2BE3196F1AB2357F001AA9DF /* handler.hh */ = {isa = PBXFileReference; fileEncoding = 4; lastKnownFileType = sourcecode.cpp.h; path = handler.hh; sourceTree = "<group>"; };
		2BE319701AB237CA001AA9DF /* repair.hh */ = {isa = PBXFileReference; fileEncoding = 4; lastKnownFileType = sourcecode.cpp.h; path = repair.hh; sourceTree = "<group>"; };
		2BE319711AB237CA001AA9DF /* source.hh */ = {isa = PBXFileReference; fileEncoding = 4; lastKnownFileType = sourcecode.cpp.h; path = source.hh; sourceTree = "<group>"; };
		2BE319721AB23910001AA9DF /* types.hh */ = {isa = PBXFileReference; lastKnownFileType = sourcecode.cpp.h; path = types.hh; sourceTree = "<group>"; };
		2BE319731AB2CB1A001AA9DF /* ack.hh */ = {isa = PBXFileReference; lastKnownFileType = sourcecode.cpp.h; path = ack.hh; sourceTree = "<group>"; };
		2BE319741AB2E43A001AA9DF /* serializer.hh */ = {isa = PBXFileReference; lastKnownFileType = sourcecode.cpp.h; path = serializer.hh; sourceTree = "<group>"; };
		2BE319771AB2E672001AA9DF /* simple.hh */ = {isa = PBXFileReference; fileEncoding = 4; lastKnownFileType = sourcecode.cpp.h; path = simple.hh; sourceTree = "<group>"; };
/* End PBXFileReference section */

/* Begin PBXFrameworksBuildPhase section */
		2BE3195A1AB0C585001AA9DF /* Frameworks */ = {
			isa = PBXFrameworksBuildPhase;
			buildActionMask = 2147483647;
			files = (
			);
			runOnlyForDeploymentPostprocessing = 0;
		};
/* End PBXFrameworksBuildPhase section */

/* Begin PBXGroup section */
		2BC3179E1AB0C53200C61FBB = {
			isa = PBXGroup;
			children = (
				2BE319691AB1DE32001AA9DF /* bin */,
				2BE3194F1AB0C550001AA9DF /* netcode */,
				2BE319571AB0C550001AA9DF /* tests */,
			);
			sourceTree = "<group>";
		};
		2BE3194F1AB0C550001AA9DF /* netcode */ = {
			isa = PBXGroup;
			children = (
				2BE319521AB0C550001AA9DF /* galois */,
				2BE3196E1AB2357F001AA9DF /* detail */,
				2BE319501AB0C550001AA9DF /* coding.hh */,
				2BE319511AB0C550001AA9DF /* encoder.hh */,
				2BE319561AB0C550001AA9DF /* types.hh */,
				2BE3196D1AB206FC001AA9DF /* symbol.hh */,
			);
			path = netcode;
			sourceTree = "<group>";
		};
		2BE319521AB0C550001AA9DF /* galois */ = {
			isa = PBXGroup;
			children = (
				2BE319531AB0C550001AA9DF /* field.hh */,
				2BE319541AB0C550001AA9DF /* multiply.hh */,
			);
			path = galois;
			sourceTree = "<group>";
		};
		2BE319571AB0C550001AA9DF /* tests */ = {
			isa = PBXGroup;
			children = (
				2BE319581AB0C550001AA9DF /* compilation.cc */,
			);
			path = tests;
			sourceTree = "<group>";
		};
		2BE319691AB1DE32001AA9DF /* bin */ = {
			isa = PBXGroup;
			children = (
				2BE319671AB1C3E6001AA9DF /* test-compilation */,
			);
			name = bin;
			sourceTree = "<group>";
		};
		2BE3196E1AB2357F001AA9DF /* detail */ = {
			isa = PBXGroup;
			children = (
				2BE319761AB2E652001AA9DF /* protocol */,
				2BE319731AB2CB1A001AA9DF /* ack.hh */,
				2BE3196F1AB2357F001AA9DF /* handler.hh */,
				2BE319701AB237CA001AA9DF /* repair.hh */,
				2BE319741AB2E43A001AA9DF /* serializer.hh */,
				2BE319711AB237CA001AA9DF /* source.hh */,
				2BE319721AB23910001AA9DF /* types.hh */,
			);
			path = detail;
			sourceTree = "<group>";
		};
		2BE319761AB2E652001AA9DF /* protocol */ = {
			isa = PBXGroup;
			children = (
				2BE319771AB2E672001AA9DF /* simple.hh */,
			);
			path = protocol;
			sourceTree = "<group>";
		};
/* End PBXGroup section */

/* Begin PBXNativeTarget section */
		2BE3195C1AB0C585001AA9DF /* test-compilation */ = {
			isa = PBXNativeTarget;
			buildConfigurationList = 2BE319621AB0C585001AA9DF /* Build configuration list for PBXNativeTarget "test-compilation" */;
			buildPhases = (
				2BE319591AB0C585001AA9DF /* Sources */,
				2BE3195A1AB0C585001AA9DF /* Frameworks */,
				2BE3195B1AB0C585001AA9DF /* CopyFiles */,
			);
			buildRules = (
			);
			dependencies = (
			);
			name = "test-compilation";
			productName = "test-compilation";
			productReference = 2BE319671AB1C3E6001AA9DF /* test-compilation */;
			productType = "com.apple.product-type.tool";
		};
/* End PBXNativeTarget section */

/* Begin PBXProject section */
		2BC3179F1AB0C53200C61FBB /* Project object */ = {
			isa = PBXProject;
			attributes = {
				LastUpgradeCheck = 0620;
				TargetAttributes = {
					2BE3195C1AB0C585001AA9DF = {
						CreatedOnToolsVersion = 6.2;
					};
				};
			};
			buildConfigurationList = 2BC317A21AB0C53200C61FBB /* Build configuration list for PBXProject "netcode" */;
			compatibilityVersion = "Xcode 3.2";
			developmentRegion = English;
			hasScannedForEncodings = 0;
			knownRegions = (
				en,
			);
			mainGroup = 2BC3179E1AB0C53200C61FBB;
			productRefGroup = 2BC3179E1AB0C53200C61FBB;
			projectDirPath = "";
			projectRoot = "";
			targets = (
				2BE3195C1AB0C585001AA9DF /* test-compilation */,
			);
		};
/* End PBXProject section */

/* Begin PBXSourcesBuildPhase section */
		2BE319591AB0C585001AA9DF /* Sources */ = {
			isa = PBXSourcesBuildPhase;
			buildActionMask = 2147483647;
			files = (
				2BE319651AB0E59E001AA9DF /* compilation.cc in Sources */,
			);
			runOnlyForDeploymentPostprocessing = 0;
		};
/* End PBXSourcesBuildPhase section */

/* Begin XCBuildConfiguration section */
		2BC317A31AB0C53200C61FBB /* Debug */ = {
			isa = XCBuildConfiguration;
			buildSettings = {
				HEADER_SEARCH_PATHS = (
					"$(inherited)",
					/Applications/Xcode.app/Contents/Developer/Toolchains/XcodeDefault.xctoolchain/usr/include,
					"$(SRCROOT)",
					/usr/local/include,
				);
			};
			name = Debug;
		};
		2BC317A41AB0C53200C61FBB /* Release */ = {
			isa = XCBuildConfiguration;
			buildSettings = {
				HEADER_SEARCH_PATHS = (
					"$(inherited)",
					/Applications/Xcode.app/Contents/Developer/Toolchains/XcodeDefault.xctoolchain/usr/include,
					"$(SRCROOT)",
					/usr/local/include,
				);
			};
			name = Release;
		};
		2BE319631AB0C585001AA9DF /* Debug */ = {
			isa = XCBuildConfiguration;
			buildSettings = {
				ALWAYS_SEARCH_USER_PATHS = NO;
				CLANG_CXX_LANGUAGE_STANDARD = "gnu++0x";
				CLANG_CXX_LIBRARY = "libc++";
				CLANG_ENABLE_MODULES = YES;
				CLANG_ENABLE_OBJC_ARC = YES;
				CLANG_WARN_BOOL_CONVERSION = YES;
				CLANG_WARN_CONSTANT_CONVERSION = YES;
				CLANG_WARN_DIRECT_OBJC_ISA_USAGE = YES_ERROR;
				CLANG_WARN_EMPTY_BODY = YES;
				CLANG_WARN_ENUM_CONVERSION = YES;
				CLANG_WARN_INT_CONVERSION = YES;
				CLANG_WARN_OBJC_ROOT_CLASS = YES_ERROR;
				CLANG_WARN_UNREACHABLE_CODE = YES;
				CLANG_WARN__DUPLICATE_METHOD_MATCH = YES;
				COPY_PHASE_STRIP = NO;
				ENABLE_STRICT_OBJC_MSGSEND = YES;
				GCC_C_LANGUAGE_STANDARD = gnu99;
				GCC_DYNAMIC_NO_PIC = NO;
				GCC_OPTIMIZATION_LEVEL = 0;
				GCC_PREPROCESSOR_DEFINITIONS = (
					"DEBUG=1",
					"$(inherited)",
				);
				GCC_SYMBOLS_PRIVATE_EXTERN = NO;
				GCC_WARN_64_TO_32_BIT_CONVERSION = YES;
				GCC_WARN_ABOUT_RETURN_TYPE = YES_ERROR;
				GCC_WARN_UNDECLARED_SELECTOR = YES;
				GCC_WARN_UNINITIALIZED_AUTOS = YES_AGGRESSIVE;
				GCC_WARN_UNUSED_FUNCTION = YES;
				GCC_WARN_UNUSED_VARIABLE = YES;
				MACOSX_DEPLOYMENT_TARGET = 10.10;
				MTL_ENABLE_DEBUG_INFO = YES;
				ONLY_ACTIVE_ARCH = YES;
				PRODUCT_NAME = "$(TARGET_NAME)";
				SDKROOT = macosx;
			};
			name = Debug;
		};
		2BE319641AB0C585001AA9DF /* Release */ = {
			isa = XCBuildConfiguration;
			buildSettings = {
				ALWAYS_SEARCH_USER_PATHS = NO;
				CLANG_CXX_LANGUAGE_STANDARD = "gnu++0x";
				CLANG_CXX_LIBRARY = "libc++";
				CLANG_ENABLE_MODULES = YES;
				CLANG_ENABLE_OBJC_ARC = YES;
				CLANG_WARN_BOOL_CONVERSION = YES;
				CLANG_WARN_CONSTANT_CONVERSION = YES;
				CLANG_WARN_DIRECT_OBJC_ISA_USAGE = YES_ERROR;
				CLANG_WARN_EMPTY_BODY = YES;
				CLANG_WARN_ENUM_CONVERSION = YES;
				CLANG_WARN_INT_CONVERSION = YES;
				CLANG_WARN_OBJC_ROOT_CLASS = YES_ERROR;
				CLANG_WARN_UNREACHABLE_CODE = YES;
				CLANG_WARN__DUPLICATE_METHOD_MATCH = YES;
				COPY_PHASE_STRIP = NO;
				DEBUG_INFORMATION_FORMAT = "dwarf-with-dsym";
				ENABLE_NS_ASSERTIONS = NO;
				ENABLE_STRICT_OBJC_MSGSEND = YES;
				GCC_C_LANGUAGE_STANDARD = gnu99;
				GCC_WARN_64_TO_32_BIT_CONVERSION = YES;
				GCC_WARN_ABOUT_RETURN_TYPE = YES_ERROR;
				GCC_WARN_UNDECLARED_SELECTOR = YES;
				GCC_WARN_UNINITIALIZED_AUTOS = YES_AGGRESSIVE;
				GCC_WARN_UNUSED_FUNCTION = YES;
				GCC_WARN_UNUSED_VARIABLE = YES;
				MACOSX_DEPLOYMENT_TARGET = 10.10;
				MTL_ENABLE_DEBUG_INFO = NO;
				PRODUCT_NAME = "$(TARGET_NAME)";
				SDKROOT = macosx;
			};
			name = Release;
		};
/* End XCBuildConfiguration section */

/* Begin XCConfigurationList section */
		2BC317A21AB0C53200C61FBB /* Build configuration list for PBXProject "netcode" */ = {
			isa = XCConfigurationList;
			buildConfigurations = (
				2BC317A31AB0C53200C61FBB /* Debug */,
				2BC317A41AB0C53200C61FBB /* Release */,
			);
			defaultConfigurationIsVisible = 0;
			defaultConfigurationName = Release;
		};
		2BE319621AB0C585001AA9DF /* Build configuration list for PBXNativeTarget "test-compilation" */ = {
			isa = XCConfigurationList;
			buildConfigurations = (
				2BE319631AB0C585001AA9DF /* Debug */,
				2BE319641AB0C585001AA9DF /* Release */,
			);
			defaultConfigurationIsVisible = 0;
			defaultConfigurationName = Release;
		};
/* End XCConfigurationList section */
	};
	rootObject = 2BC3179F1AB0C53200C61FBB /* Project object */;
}
